
Microsoft Visual Studio Solution File, Format Version 12.00
# Visual Studio 15
VisualStudioVersion = 15.0.27703.2018
MinimumVisualStudioVersion = 10.0.40219.1
Project("{FAE04EC0-301F-11D3-BF4B-00C04F79EFBC}") = "DataBinding.Android", "DataBinding\DataBinding.Android\DataBinding.Android.csproj", "{1F2BEBBD-07FD-4EBE-8047-52FD50950539}"
EndProject
Project("{FAE04EC0-301F-11D3-BF4B-00C04F79EFBC}") = "DataBinding.iOS", "DataBinding\DataBinding.iOS\DataBinding.iOS.csproj", "{C91A2D78-8347-464F-9F1B-E5E98EE87B5D}"
EndProject
Project("{FAE04EC0-301F-11D3-BF4B-00C04F79EFBC}") = "DataBinding", "DataBinding\DataBinding\DataBinding.csproj", "{36C3DD23-0F4D-4E3B-96A4-F0E9D24918CB}"
EndProject
Global
	GlobalSection(SolutionConfigurationPlatforms) = preSolution
		Ad-Hoc|Any CPU = Ad-Hoc|Any CPU
		Ad-Hoc|iPhone = Ad-Hoc|iPhone
		Ad-Hoc|iPhoneSimulator = Ad-Hoc|iPhoneSimulator
		AppStore|Any CPU = AppStore|Any CPU
		AppStore|iPhone = AppStore|iPhone
		AppStore|iPhoneSimulator = AppStore|iPhoneSimulator
		Debug|Any CPU = Debug|Any CPU
		Debug|iPhone = Debug|iPhone
		Debug|iPhoneSimulator = Debug|iPhoneSimulator
		Release|Any CPU = Release|Any CPU
		Release|iPhone = Release|iPhone
		Release|iPhoneSimulator = Release|iPhoneSimulator
	EndGlobalSection
	GlobalSection(ProjectConfigurationPlatforms) = postSolution
		{1F2BEBBD-07FD-4EBE-8047-52FD50950539}.Ad-Hoc|Any CPU.ActiveCfg = Release|Any CPU
		{1F2BEBBD-07FD-4EBE-8047-52FD50950539}.Ad-Hoc|Any CPU.Build.0 = Release|Any CPU
		{1F2BEBBD-07FD-4EBE-8047-52FD50950539}.Ad-Hoc|Any CPU.Deploy.0 = Release|Any CPU
		{1F2BEBBD-07FD-4EBE-8047-52FD50950539}.Ad-Hoc|iPhone.ActiveCfg = Release|Any CPU
		{1F2BEBBD-07FD-4EBE-8047-52FD50950539}.Ad-Hoc|iPhone.Build.0 = Release|Any CPU
		{1F2BEBBD-07FD-4EBE-8047-52FD50950539}.Ad-Hoc|iPhone.Deploy.0 = Release|Any CPU
		{1F2BEBBD-07FD-4EBE-8047-52FD50950539}.Ad-Hoc|iPhoneSimulator.ActiveCfg = Release|Any CPU
		{1F2BEBBD-07FD-4EBE-8047-52FD50950539}.Ad-Hoc|iPhoneSimulator.Build.0 = Release|Any CPU
		{1F2BEBBD-07FD-4EBE-8047-52FD50950539}.Ad-Hoc|iPhoneSimulator.Deploy.0 = Release|Any CPU
		{1F2BEBBD-07FD-4EBE-8047-52FD50950539}.AppStore|Any CPU.ActiveCfg = Release|Any CPU
		{1F2BEBBD-07FD-4EBE-8047-52FD50950539}.AppStore|Any CPU.Build.0 = Release|Any CPU
		{1F2BEBBD-07FD-4EBE-8047-52FD50950539}.AppStore|Any CPU.Deploy.0 = Release|Any CPU
		{1F2BEBBD-07FD-4EBE-8047-52FD50950539}.AppStore|iPhone.ActiveCfg = Release|Any CPU
		{1F2BEBBD-07FD-4EBE-8047-52FD50950539}.AppStore|iPhone.Build.0 = Release|Any CPU
		{1F2BEBBD-07FD-4EBE-8047-52FD50950539}.AppStore|iPhone.Deploy.0 = Release|Any CPU
		{1F2BEBBD-07FD-4EBE-8047-52FD50950539}.AppStore|iPhoneSimulator.ActiveCfg = Release|Any CPU
		{1F2BEBBD-07FD-4EBE-8047-52FD50950539}.AppStore|iPhoneSimulator.Build.0 = Release|Any CPU
		{1F2BEBBD-07FD-4EBE-8047-52FD50950539}.AppStore|iPhoneSimulator.Deploy.0 = Release|Any CPU
		{1F2BEBBD-07FD-4EBE-8047-52FD50950539}.Debug|Any CPU.ActiveCfg = Debug|Any CPU
		{1F2BEBBD-07FD-4EBE-8047-52FD50950539}.Debug|Any CPU.Build.0 = Debug|Any CPU
		{1F2BEBBD-07FD-4EBE-8047-52FD50950539}.Debug|Any CPU.Deploy.0 = Debug|Any CPU
		{1F2BEBBD-07FD-4EBE-8047-52FD50950539}.Debug|iPhone.ActiveCfg = Debug|Any CPU
		{1F2BEBBD-07FD-4EBE-8047-52FD50950539}.Debug|iPhone.Build.0 = Debug|Any CPU
		{1F2BEBBD-07FD-4EBE-8047-52FD50950539}.Debug|iPhone.Deploy.0 = Debug|Any CPU
		{1F2BEBBD-07FD-4EBE-8047-52FD50950539}.Debug|iPhoneSimulator.ActiveCfg = Debug|Any CPU
		{1F2BEBBD-07FD-4EBE-8047-52FD50950539}.Debug|iPhoneSimulator.Build.0 = Debug|Any CPU
		{1F2BEBBD-07FD-4EBE-8047-52FD50950539}.Debug|iPhoneSimulator.Deploy.0 = Debug|Any CPU
		{1F2BEBBD-07FD-4EBE-8047-52FD50950539}.Release|Any CPU.ActiveCfg = Release|Any CPU
		{1F2BEBBD-07FD-4EBE-8047-52FD50950539}.Release|Any CPU.Build.0 = Release|Any CPU
		{1F2BEBBD-07FD-4EBE-8047-52FD50950539}.Release|Any CPU.Deploy.0 = Release|Any CPU
		{1F2BEBBD-07FD-4EBE-8047-52FD50950539}.Release|iPhone.ActiveCfg = Release|Any CPU
		{1F2BEBBD-07FD-4EBE-8047-52FD50950539}.Release|iPhone.Build.0 = Release|Any CPU
		{1F2BEBBD-07FD-4EBE-8047-52FD50950539}.Release|iPhone.Deploy.0 = Release|Any CPU
		{1F2BEBBD-07FD-4EBE-8047-52FD50950539}.Release|iPhoneSimulator.ActiveCfg = Release|Any CPU
		{1F2BEBBD-07FD-4EBE-8047-52FD50950539}.Release|iPhoneSimulator.Build.0 = Release|Any CPU
		{1F2BEBBD-07FD-4EBE-8047-52FD50950539}.Release|iPhoneSimulator.Deploy.0 = Release|Any CPU
		{C91A2D78-8347-464F-9F1B-E5E98EE87B5D}.Ad-Hoc|Any CPU.ActiveCfg = Ad-Hoc|iPhone
		{C91A2D78-8347-464F-9F1B-E5E98EE87B5D}.Ad-Hoc|Any CPU.Build.0 = Ad-Hoc|iPhone
		{C91A2D78-8347-464F-9F1B-E5E98EE87B5D}.Ad-Hoc|Any CPU.Deploy.0 = Ad-Hoc|iPhone
		{C91A2D78-8347-464F-9F1B-E5E98EE87B5D}.Ad-Hoc|iPhone.ActiveCfg = Ad-Hoc|iPhone
		{C91A2D78-8347-464F-9F1B-E5E98EE87B5D}.Ad-Hoc|iPhone.Build.0 = Ad-Hoc|iPhone
		{C91A2D78-8347-464F-9F1B-E5E98EE87B5D}.Ad-Hoc|iPhone.Deploy.0 = Ad-Hoc|iPhone
		{C91A2D78-8347-464F-9F1B-E5E98EE87B5D}.Ad-Hoc|iPhoneSimulator.ActiveCfg = Ad-Hoc|iPhoneSimulator
		{C91A2D78-8347-464F-9F1B-E5E98EE87B5D}.Ad-Hoc|iPhoneSimulator.Build.0 = Ad-Hoc|iPhoneSimulator
		{C91A2D78-8347-464F-9F1B-E5E98EE87B5D}.Ad-Hoc|iPhoneSimulator.Deploy.0 = Ad-Hoc|iPhoneSimulator
		{C91A2D78-8347-464F-9F1B-E5E98EE87B5D}.AppStore|Any CPU.ActiveCfg = AppStore|iPhone
		{C91A2D78-8347-464F-9F1B-E5E98EE87B5D}.AppStore|Any CPU.Build.0 = AppStore|iPhone
		{C91A2D78-8347-464F-9F1B-E5E98EE87B5D}.AppStore|Any CPU.Deploy.0 = AppStore|iPhone
		{C91A2D78-8347-464F-9F1B-E5E98EE87B5D}.AppStore|iPhone.ActiveCfg = AppStore|iPhone
		{C91A2D78-8347-464F-9F1B-E5E98EE87B5D}.AppStore|iPhone.Build.0 = AppStore|iPhone
		{C91A2D78-8347-464F-9F1B-E5E98EE87B5D}.AppStore|iPhone.Deploy.0 = AppStore|iPhone
		{C91A2D78-8347-464F-9F1B-E5E98EE87B5D}.AppStore|iPhoneSimulator.ActiveCfg = AppStore|iPhoneSimulator
		{C91A2D78-8347-464F-9F1B-E5E98EE87B5D}.AppStore|iPhoneSimulator.Build.0 = AppStore|iPhoneSimulator
		{C91A2D78-8347-464F-9F1B-E5E98EE87B5D}.AppStore|iPhoneSimulator.Deploy.0 = AppStore|iPhoneSimulator
		{C91A2D78-8347-464F-9F1B-E5E98EE87B5D}.Debug|Any CPU.ActiveCfg = Debug|iPhoneSimulator
		{C91A2D78-8347-464F-9F1B-E5E98EE87B5D}.Debug|Any CPU.Build.0 = Debug|iPhoneSimulator
		{C91A2D78-8347-464F-9F1B-E5E98EE87B5D}.Debug|Any CPU.Deploy.0 = Debug|iPhoneSimulator
		{C91A2D78-8347-464F-9F1B-E5E98EE87B5D}.Debug|iPhone.ActiveCfg = Debug|iPhone
		{C91A2D78-8347-464F-9F1B-E5E98EE87B5D}.Debug|iPhone.Build.0 = Debug|iPhone
		{C91A2D78-8347-464F-9F1B-E5E98EE87B5D}.Debug|iPhone.Deploy.0 = Debug|iPhone
		{C91A2D78-8347-464F-9F1B-E5E98EE87B5D}.Debug|iPhoneSimulator.ActiveCfg = Debug|iPhoneSimulator
		{C91A2D78-8347-464F-9F1B-E5E98EE87B5D}.Debug|iPhoneSimulator.Build.0 = Debug|iPhoneSimulator
		{C91A2D78-8347-464F-9F1B-E5E98EE87B5D}.Debug|iPhoneSimulator.Deploy.0 = Debug|iPhoneSimulator
		{C91A2D78-8347-464F-9F1B-E5E98EE87B5D}.Release|Any CPU.ActiveCfg = Release|iPhone
		{C91A2D78-8347-464F-9F1B-E5E98EE87B5D}.Release|Any CPU.Build.0 = Release|iPhone
		{C91A2D78-8347-464F-9F1B-E5E98EE87B5D}.Release|Any CPU.Deploy.0 = Release|iPhone
		{C91A2D78-8347-464F-9F1B-E5E98EE87B5D}.Release|iPhone.ActiveCfg = Release|iPhone
		{C91A2D78-8347-464F-9F1B-E5E98EE87B5D}.Release|iPhone.Build.0 = Release|iPhone
		{C91A2D78-8347-464F-9F1B-E5E98EE87B5D}.Release|iPhone.Deploy.0 = Release|iPhone
		{C91A2D78-8347-464F-9F1B-E5E98EE87B5D}.Release|iPhoneSimulator.ActiveCfg = Release|iPhoneSimulator
		{C91A2D78-8347-464F-9F1B-E5E98EE87B5D}.Release|iPhoneSimulator.Build.0 = Release|iPhoneSimulator
		{C91A2D78-8347-464F-9F1B-E5E98EE87B5D}.Release|iPhoneSimulator.Deploy.0 = Release|iPhoneSimulator
		{36C3DD23-0F4D-4E3B-96A4-F0E9D24918CB}.Ad-Hoc|Any CPU.ActiveCfg = Debug|Any CPU
		{36C3DD23-0F4D-4E3B-96A4-F0E9D24918CB}.Ad-Hoc|Any CPU.Build.0 = Debug|Any CPU
		{36C3DD23-0F4D-4E3B-96A4-F0E9D24918CB}.Ad-Hoc|Any CPU.Deploy.0 = Debug|Any CPU
		{36C3DD23-0F4D-4E3B-96A4-F0E9D24918CB}.Ad-Hoc|iPhone.ActiveCfg = Debug|Any CPU
		{36C3DD23-0F4D-4E3B-96A4-F0E9D24918CB}.Ad-Hoc|iPhone.Build.0 = Debug|Any CPU
		{36C3DD23-0F4D-4E3B-96A4-F0E9D24918CB}.Ad-Hoc|iPhone.Deploy.0 = Debug|Any CPU
		{36C3DD23-0F4D-4E3B-96A4-F0E9D24918CB}.Ad-Hoc|iPhoneSimulator.ActiveCfg = Debug|Any CPU
		{36C3DD23-0F4D-4E3B-96A4-F0E9D24918CB}.Ad-Hoc|iPhoneSimulator.Build.0 = Debug|Any CPU
		{36C3DD23-0F4D-4E3B-96A4-F0E9D24918CB}.Ad-Hoc|iPhoneSimulator.Deploy.0 = Debug|Any CPU
		{36C3DD23-0F4D-4E3B-96A4-F0E9D24918CB}.AppStore|Any CPU.ActiveCfg = Debug|Any CPU
		{36C3DD23-0F4D-4E3B-96A4-F0E9D24918CB}.AppStore|Any CPU.Build.0 = Debug|Any CPU
		{36C3DD23-0F4D-4E3B-96A4-F0E9D24918CB}.AppStore|Any CPU.Deploy.0 = Debug|Any CPU
		{36C3DD23-0F4D-4E3B-96A4-F0E9D24918CB}.AppStore|iPhone.ActiveCfg = Debug|Any CPU
		{36C3DD23-0F4D-4E3B-96A4-F0E9D24918CB}.AppStore|iPhone.Build.0 = Debug|Any CPU
		{36C3DD23-0F4D-4E3B-96A4-F0E9D24918CB}.AppStore|iPhone.Deploy.0 = Debug|Any CPU
		{36C3DD23-0F4D-4E3B-96A4-F0E9D24918CB}.AppStore|iPhoneSimulator.ActiveCfg = Debug|Any CPU
		{36C3DD23-0F4D-4E3B-96A4-F0E9D24918CB}.AppStore|iPhoneSimulator.Build.0 = Debug|Any CPU
		{36C3DD23-0F4D-4E3B-96A4-F0E9D24918CB}.AppStore|iPhoneSimulator.Deploy.0 = Debug|Any CPU
		{36C3DD23-0F4D-4E3B-96A4-F0E9D24918CB}.Debug|Any CPU.ActiveCfg = Debug|Any CPU
		{36C3DD23-0F4D-4E3B-96A4-F0E9D24918CB}.Debug|Any CPU.Build.0 = Debug|Any CPU
		{36C3DD23-0F4D-4E3B-96A4-F0E9D24918CB}.Debug|Any CPU.Deploy.0 = Debug|Any CPU
		{36C3DD23-0F4D-4E3B-96A4-F0E9D24918CB}.Debug|iPhone.ActiveCfg = Debug|Any CPU
		{36C3DD23-0F4D-4E3B-96A4-F0E9D24918CB}.Debug|iPhone.Build.0 = Debug|Any CPU
		{36C3DD23-0F4D-4E3B-96A4-F0E9D24918CB}.Debug|iPhone.Deploy.0 = Debug|Any CPU
		{36C3DD23-0F4D-4E3B-96A4-F0E9D24918CB}.Debug|iPhoneSimulator.ActiveCfg = Debug|Any CPU
		{36C3DD23-0F4D-4E3B-96A4-F0E9D24918CB}.Debug|iPhoneSimulator.Build.0 = Debug|Any CPU
		{36C3DD23-0F4D-4E3B-96A4-F0E9D24918CB}.Debug|iPhoneSimulator.Deploy.0 = Debug|Any CPU
		{36C3DD23-0F4D-4E3B-96A4-F0E9D24918CB}.Release|Any CPU.ActiveCfg = Release|Any CPU
		{36C3DD23-0F4D-4E3B-96A4-F0E9D24918CB}.Release|Any CPU.Build.0 = Release|Any CPU
		{36C3DD23-0F4D-4E3B-96A4-F0E9D24918CB}.Release|Any CPU.Deploy.0 = Release|Any CPU
		{36C3DD23-0F4D-4E3B-96A4-F0E9D24918CB}.Release|iPhone.ActiveCfg = Release|Any CPU
		{36C3DD23-0F4D-4E3B-96A4-F0E9D24918CB}.Release|iPhone.Build.0 = Release|Any CPU
		{36C3DD23-0F4D-4E3B-96A4-F0E9D24918CB}.Release|iPhone.Deploy.0 = Release|Any CPU
		{36C3DD23-0F4D-4E3B-96A4-F0E9D24918CB}.Release|iPhoneSimulator.ActiveCfg = Release|Any CPU
		{36C3DD23-0F4D-4E3B-96A4-F0E9D24918CB}.Release|iPhoneSimulator.Build.0 = Release|Any CPU
		{36C3DD23-0F4D-4E3B-96A4-F0E9D24918CB}.Release|iPhoneSimulator.Deploy.0 = Release|Any CPU
	EndGlobalSection
	GlobalSection(SolutionProperties) = preSolution
		HideSolutionNode = FALSE
	EndGlobalSection
	GlobalSection(ExtensibilityGlobals) = postSolution
		SolutionGuid = {4B1354C6-D27B-46BF-9F83-038B575EF3FB}
	EndGlobalSection
EndGlobal
